
Microsoft Visual Studio Solution File, Format Version 12.00
# Visual Studio Version 17
VisualStudioVersion = 17.10.34928.147
MinimumVisualStudioVersion = 10.0.40219.1
Project("{FAE04EC0-301F-11D3-BF4B-00C04F79EFBC}") = "LearnBlazon", "LearnBlazon.csproj", "{8DBB84B7-1465-4E21-B761-7B88AD757D2E}"
EndProject
Global
	GlobalSection(SolutionConfigurationPlatforms) = preSolution
		Debug|Any CPU = Debug|Any CPU
		Release|Any CPU = Release|Any CPU
	EndGlobalSection
	GlobalSection(ProjectConfigurationPlatforms) = postSolution
		{8DBB84B7-1465-4E21-B761-7B88AD757D2E}.Debug|Any CPU.ActiveCfg = Debug|Any CPU
		{8DBB84B7-1465-4E21-B761-7B88AD757D2E}.Debug|Any CPU.Build.0 = Debug|Any CPU
		{8DBB84B7-1465-4E21-B761-7B88AD757D2E}.Release|Any CPU.ActiveCfg = Release|Any CPU
		{8DBB84B7-1465-4E21-B761-7B88AD757D2E}.Release|Any CPU.Build.0 = Release|Any CPU
	EndGlobalSection
	GlobalSection(SolutionProperties) = preSolution
		HideSolutionNode = FALSE
	EndGlobalSection
	GlobalSection(ExtensibilityGlobals) = postSolution
		SolutionGuid = {93A6DB95-69A1-4D84-A963-E5F6C791B335}
	EndGlobalSection
EndGlobal
